
Microsoft Visual Studio Solution File, Format Version 12.00
# Visual Studio Version 16
VisualStudioVersion = 16.0.29102.190
MinimumVisualStudioVersion = 10.0.40219.1
Project("{FAE04EC0-301F-11D3-BF4B-00C04F79EFBC}") = "StringCalculatorUnitTests", "StringCalculatorUnitTests\StringCalculatorUnitTests.csproj", "{0D3AD556-478C-4153-8A4D-DC86E3130B74}"
EndProject
Project("{FAE04EC0-301F-11D3-BF4B-00C04F79EFBC}") = "StringCalculator", "StringCalculator\StringCalculator.csproj", "{8D0276F4-1537-44FB-94A7-8FB49346CD46}"
EndProject
Project("{2150E333-8FDC-42A3-9474-1A3956D46DE8}") = "Solution Items", "Solution Items", "{12D73F8D-9846-4487-B4A4-B49EBF09564A}"
	ProjectSection(SolutionItems) = preProject
		.gitignore = .gitignore
	EndProjectSection
EndProject
Global
	GlobalSection(SolutionConfigurationPlatforms) = preSolution
		Debug|Any CPU = Debug|Any CPU
		Release|Any CPU = Release|Any CPU
	EndGlobalSection
	GlobalSection(ProjectConfigurationPlatforms) = postSolution
		{0D3AD556-478C-4153-8A4D-DC86E3130B74}.Debug|Any CPU.ActiveCfg = Debug|Any CPU
		{0D3AD556-478C-4153-8A4D-DC86E3130B74}.Debug|Any CPU.Build.0 = Debug|Any CPU
		{0D3AD556-478C-4153-8A4D-DC86E3130B74}.Release|Any CPU.ActiveCfg = Release|Any CPU
		{0D3AD556-478C-4153-8A4D-DC86E3130B74}.Release|Any CPU.Build.0 = Release|Any CPU
		{8D0276F4-1537-44FB-94A7-8FB49346CD46}.Debug|Any CPU.ActiveCfg = Debug|Any CPU
		{8D0276F4-1537-44FB-94A7-8FB49346CD46}.Debug|Any CPU.Build.0 = Debug|Any CPU
		{8D0276F4-1537-44FB-94A7-8FB49346CD46}.Release|Any CPU.ActiveCfg = Release|Any CPU
		{8D0276F4-1537-44FB-94A7-8FB49346CD46}.Release|Any CPU.Build.0 = Release|Any CPU
	EndGlobalSection
	GlobalSection(SolutionProperties) = preSolution
		HideSolutionNode = FALSE
	EndGlobalSection
	GlobalSection(ExtensibilityGlobals) = postSolution
		SolutionGuid = {1613E81C-E7DF-4E83-B6AA-E4D96EB1D033}
	EndGlobalSection
EndGlobal
